Microsoft Visual Studio Solution File, Format Version 11.00
# Visual Studio 2008

Project("{D9D189EB-6CA8-61BB-B504-516244564C8C}") = "towdef", "Assembly-CSharp.csproj", "{2A032C94-3773-E8A0-C04D-AD10E0A8603E}"
EndProject
Global
	GlobalSection(SolutionConfigurationPlatforms) = preSolution
		Debug|Any CPU = Debug|Any CPU
		Release|Any CPU = Release|Any CPU
	EndGlobalSection
	GlobalSection(ProjectConfigurationPlatforms) = postSolution
		{2A032C94-3773-E8A0-C04D-AD10E0A8603E}.Debug|Any CPU.ActiveCfg = Debug|Any CPU
		{2A032C94-3773-E8A0-C04D-AD10E0A8603E}.Debug|Any CPU.Build.0 = Debug|Any CPU
		{2A032C94-3773-E8A0-C04D-AD10E0A8603E}.Release|Any CPU.ActiveCfg = Release|Any CPU
		{2A032C94-3773-E8A0-C04D-AD10E0A8603E}.Release|Any CPU.Build.0 = Release|Any CPU
	EndGlobalSection
	GlobalSection(SolutionProperties) = preSolution
		HideSolutionNode = FALSE
	EndGlobalSection
	GlobalSection(MonoDevelopProperties) = preSolution
		StartupItem = Assembly-CSharp.csproj
	EndGlobalSection
EndGlobal
